PODS:
  - Alamofire (5.4.4)
  - AlamofireImage (4.1.0):
    - Alamofire (~> 5.1)
  - IQKeyboardManagerSwift (6.3.0)
  - Moya (15.0.0):
    - Moya/Core (= 15.0.0)
  - Moya/Core (15.0.0):
    - Alamofire (~> 5.0)
  - NVActivityIndicatorView (5.1.1):
    - NVActivityIndicatorView/Base (= 5.1.1)
  - NVActivityIndicatorView/Base (5.1.1)

DEPENDENCIES:
  - AlamofireImage (= 4.1)
  - IQKeyboardManagerSwift (= 6.3.0)
  - Moya (= 15.0)
  - NVActivityIndicatorView (= 5.1.1)

SPEC REPOS:
  trunk:
    - Alamofire
    - AlamofireImage
    - IQKeyboardManagerSwift
    - Moya
    - NVActivityIndicatorView

SPEC CHECKSUMS:
  Alamofire: f3b09a368f1582ab751b3fff5460276e0d2cf5c9
  AlamofireImage: c4a2ba349885fb3064feb74d2e547bd42ce9be10
  IQKeyboardManagerSwift: a8228c257614af98743b4cd8584637025f36358f
  Moya: 138f0573e53411fb3dc17016add0b748dfbd78ee
  NVActivityIndicatorView: 1f6c5687f1171810aa27a3296814dc2d7dec3667

PODFILE CHECKSUM: 15e38fc5d17eadde529b1cb7ff89f47e12a4026b

COCOAPODS: 1.11.2
